// !$*UTF8*$!
{
	archiveVersion = 1;
	classes = {
	};
	objectVersion = 77;
	objects = {

/* Begin PBXBuildFile section */
		0ED5057B2DC3297000D4129B /* .gitignore in Resources */ = {isa = PBXBuildFile; fileRef = 0ED5057A2DC3296900D4129B /* .gitignore */; };
/* End PBXBuildFile section */

/* Begin PBXContainerItemProxy section */
		0E83099E2D925E0D000D6A7D /* PBXContainerItemProxy */ = {
			isa = PBXContainerItemProxy;
			containerPortal = 0E8309852D925E0C000D6A7D /* Project object */;
			proxyType = 1;
			remoteGlobalIDString = 0E83098C2D925E0C000D6A7D;
			remoteInfo = PokeBinder;
		};
		0E8309A82D925E0D000D6A7D /* PBXContainerItemProxy */ = {
			isa = PBXContainerItemProxy;
			containerPortal = 0E8309852D925E0C000D6A7D /* Project object */;
			proxyType = 1;
			remoteGlobalIDString = 0E83098C2D925E0C000D6A7D;
			remoteInfo = PokeBinder;
		};
/* End PBXContainerItemProxy section */

/* Begin PBXFileReference section */
		0E83098D2D925E0C000D6A7D /* PokeBinder.app */ = {isa = PBXFileReference; explicitFileType = wrapper.application; includeInIndex = 0; path = PokeBinder.app; sourceTree = BUILT_PRODUCTS_DIR; };
		0E83099D2D925E0D000D6A7D /* PokeBinderTests.xctest */ = {isa = PBXFileReference; explicitFileType = wrapper.cfbundle; includeInIndex = 0; path = PokeBinderTests.xctest; sourceTree = BUILT_PRODUCTS_DIR; };
		0E8309A72D925E0D000D6A7D /* PokeBinderUITests.xctest */ = {isa = PBXFileReference; explicitFileType = wrapper.cfbundle; includeInIndex = 0; path = PokeBinderUITests.xctest; sourceTree = BUILT_PRODUCTS_DIR; };
		0ED5057A2DC3296900D4129B /* .gitignore */ = {isa = PBXFileReference; lastKnownFileType = text; path = .gitignore; sourceTree = "<group>"; };
/* End PBXFileReference section */

/* Begin PBXFileSystemSynchronizedBuildFileExceptionSet section */
		0E9189192DB995A900F79EB3 /* Exceptions for "PokeBinder" folder in "PokeBinder" target */ = {
			isa = PBXFileSystemSynchronizedBuildFileExceptionSet;
			membershipExceptions = (
				Info.plist,
			);
			target = 0E83098C2D925E0C000D6A7D /* PokeBinder */;
		};
/* End PBXFileSystemSynchronizedBuildFileExceptionSet section */

/* Begin PBXFileSystemSynchronizedRootGroup section */
		0E83098F2D925E0C000D6A7D /* PokeBinder */ = {
			isa = PBXFileSystemSynchronizedRootGroup;
			exceptions = (
				0E9189192DB995A900F79EB3 /* Exceptions for "PokeBinder" folder in "PokeBinder" target */,
			);
			path = PokeBinder;
			sourceTree = "<group>";
		};
		0E8309A02D925E0D000D6A7D /* PokeBinderTests */ = {
			isa = PBXFileSystemSynchronizedRootGroup;
			path = PokeBinderTests;
			sourceTree = "<group>";
		};
		0E8309AA2D925E0D000D6A7D /* PokeBinderUITests */ = {
			isa = PBXFileSystemSynchronizedRootGroup;
			path = PokeBinderUITests;
			sourceTree = "<group>";
		};
/* End PBXFileSystemSynchronizedRootGroup section */

/* Begin PBXFrameworksBuildPhase section */
		0E83098A2D925E0C000D6A7D /* Frameworks */ = {
			isa = PBXFrameworksBuildPhase;
			buildActionMask = 2147483647;
			files = (
			);
			runOnlyForDeploymentPostprocessing = 0;
		};
		0E83099A2D925E0D000D6A7D /* Frameworks */ = {
			isa = PBXFrameworksBuildPhase;
			buildActionMask = 2147483647;
			files = (
			);
			runOnlyForDeploymentPostprocessing = 0;
		};
		0E8309A42D925E0D000D6A7D /* Frameworks */ = {
			isa = PBXFrameworksBuildPhase;
			buildActionMask = 2147483647;
			files = (
			);
			runOnlyForDeploymentPostprocessing = 0;
		};
/* End PBXFrameworksBuildPhase section */

/* Begin PBXGroup section */
		0E8309842D925E0C000D6A7D = {
			isa = PBXGroup;
			children = (
				0ED5057A2DC3296900D4129B /* .gitignore */,
				0E83098F2D925E0C000D6A7D /* PokeBinder */,
				0E8309A02D925E0D000D6A7D /* PokeBinderTests */,
				0E8309AA2D925E0D000D6A7D /* PokeBinderUITests */,
				0E83098E2D925E0C000D6A7D /* Products */,
			);
			sourceTree = "<group>";
		};
		0E83098E2D925E0C000D6A7D /* Products */ = {
			isa = PBXGroup;
			children = (
				0E83098D2D925E0C000D6A7D /* PokeBinder.app */,
				0E83099D2D925E0D000D6A7D /* PokeBinderTests.xctest */,
				0E8309A72D925E0D000D6A7D /* PokeBinderUITests.xctest */,
			);
			name = Products;
			sourceTree = "<group>";
		};
/* End PBXGroup section */

/* Begin PBXNativeTarget section */
		0E83098C2D925E0C000D6A7D /* PokeBinder */ = {
			isa = PBXNativeTarget;
			buildConfigurationList = 0E8309B12D925E0D000D6A7D /* Build configuration list for PBXNativeTarget "PokeBinder" */;
			buildPhases = (
				0E8309892D925E0C000D6A7D /* Sources */,
				0E83098A2D925E0C000D6A7D /* Frameworks */,
				0E83098B2D925E0C000D6A7D /* Resources */,
			);
			buildRules = (
			);
			dependencies = (
			);
			fileSystemSynchronizedGroups = (
				0E83098F2D925E0C000D6A7D /* PokeBinder */,
			);
			name = PokeBinder;
			packageProductDependencies = (
			);
			productName = PokeBinder;
			productReference = 0E83098D2D925E0C000D6A7D /* PokeBinder.app */;
			productType = "com.apple.product-type.application";
		};
		0E83099C2D925E0D000D6A7D /* PokeBinderTests */ = {
			isa = PBXNativeTarget;
			buildConfigurationList = 0E8309B42D925E0D000D6A7D /* Build configuration list for PBXNativeTarget "PokeBinderTests" */;
			buildPhases = (
				0E8309992D925E0D000D6A7D /* Sources */,
				0E83099A2D925E0D000D6A7D /* Frameworks */,
				0E83099B2D925E0D000D6A7D /* Resources */,
			);
			buildRules = (
			);
			dependencies = (
				0E83099F2D925E0D000D6A7D /* PBXTargetDependency */,
			);
			fileSystemSynchronizedGroups = (
				0E8309A02D925E0D000D6A7D /* PokeBinderTests */,
			);
			name = PokeBinderTests;
			packageProductDependencies = (
			);
			productName = PokeBinderTests;
			productReference = 0E83099D2D925E0D000D6A7D /* PokeBinderTests.xctest */;
			productType = "com.apple.product-type.bundle.unit-test";
		};
		0E8309A62D925E0D000D6A7D /* PokeBinderUITests */ = {
			isa = PBXNativeTarget;
			buildConfigurationList = 0E8309B72D925E0D000D6A7D /* Build configuration list for PBXNativeTarget "PokeBinderUITests" */;
			buildPhases = (
				0E8309A32D925E0D000D6A7D /* Sources */,
				0E8309A42D925E0D000D6A7D /* Frameworks */,
				0E8309A52D925E0D000D6A7D /* Resources */,
			);
			buildRules = (
			);
			dependencies = (
				0E8309A92D925E0D000D6A7D /* PBXTargetDependency */,
			);
			fileSystemSynchronizedGroups = (
				0E8309AA2D925E0D000D6A7D /* PokeBinderUITests */,
			);
			name = PokeBinderUITests;
			packageProductDependencies = (
			);
			productName = PokeBinderUITests;
			productReference = 0E8309A72D925E0D000D6A7D /* PokeBinderUITests.xctest */;
			productType = "com.apple.product-type.bundle.ui-testing";
		};
/* End PBXNativeTarget section */

/* Begin PBXProject section */
		0E8309852D925E0C000D6A7D /* Project object */ = {
			isa = PBXProject;
			attributes = {
				BuildIndependentTargetsInParallel = 1;
				LastSwiftUpdateCheck = 1620;
				LastUpgradeCheck = 1620;
				TargetAttributes = {
					0E83098C2D925E0C000D6A7D = {
						CreatedOnToolsVersion = 16.2;
					};
					0E83099C2D925E0D000D6A7D = {
						CreatedOnToolsVersion = 16.2;
						TestTargetID = 0E83098C2D925E0C000D6A7D;
					};
					0E8309A62D925E0D000D6A7D = {
						CreatedOnToolsVersion = 16.2;
						TestTargetID = 0E83098C2D925E0C000D6A7D;
					};
				};
			};
			buildConfigurationList = 0E8309882D925E0C000D6A7D /* Build configuration list for PBXProject "PokeBinder" */;
			developmentRegion = en;
			hasScannedForEncodings = 0;
			knownRegions = (
				en,
				Base,
			);
			mainGroup = 0E8309842D925E0C000D6A7D;
			minimizedProjectReferenceProxies = 1;
			preferredProjectObjectVersion = 77;
			productRefGroup = 0E83098E2D925E0C000D6A7D /* Products */;
			projectDirPath = "";
			projectRoot = "";
			targets = (
				0E83098C2D925E0C000D6A7D /* PokeBinder */,
				0E83099C2D925E0D000D6A7D /* PokeBinderTests */,
				0E8309A62D925E0D000D6A7D /* PokeBinderUITests */,
			);
		};
/* End PBXProject section */

/* Begin PBXResourcesBuildPhase section */
		0E83098B2D925E0C000D6A7D /* Resources */ = {
			isa = PBXResourcesBuildPhase;
			buildActionMask = 2147483647;
			files = (
				0ED5057B2DC3297000D4129B /* .gitignore in Resources */,
			);
			runOnlyForDeploymentPostprocessing = 0;
		};
		0E83099B2D925E0D000D6A7D /* Resources */ = {
			isa = PBXResourcesBuildPhase;
			buildActionMask = 2147483647;
			files = (
			);
			runOnlyForDeploymentPostprocessing = 0;
		};
		0E8309A52D925E0D000D6A7D /* Resources */ = {
			isa = PBXResourcesBuildPhase;
			buildActionMask = 2147483647;
			files = (
			);
			runOnlyForDeploymentPostprocessing = 0;
		};
/* End PBXResourcesBuildPhase section */

/* Begin PBXSourcesBuildPhase section */
		0E8309892D925E0C000D6A7D /* Sources */ = {
			isa = PBXSourcesBuildPhase;
			buildActionMask = 2147483647;
			files = (
			);
			runOnlyForDeploymentPostprocessing = 0;
		};
		0E8309992D925E0D000D6A7D /* Sources */ = {
			isa = PBXSourcesBuildPhase;
			buildActionMask = 2147483647;
			files = (
			);
			runOnlyForDeploymentPostprocessing = 0;
		};
		0E8309A32D925E0D000D6A7D /* Sources */ = {
			isa = PBXSourcesBuildPhase;
			buildActionMask = 2147483647;
			files = (
			);
			runOnlyForDeploymentPostprocessing = 0;
		};
/* End PBXSourcesBuildPhase section */

/* Begin PBXTargetDependency section */
		0E83099F2D925E0D000D6A7D /* PBXTargetDependency */ = {
			isa = PBXTargetDependency;
			target = 0E83098C2D925E0C000D6A7D /* PokeBinder */;
			targetProxy = 0E83099E2D925E0D000D6A7D /* PBXContainerItemProxy */;
		};
		0E8309A92D925E0D000D6A7D /* PBXTargetDependency */ = {
			isa = PBXTargetDependency;
			target = 0E83098C2D925E0C000D6A7D /* PokeBinder */;
			targetProxy = 0E8309A82D925E0D000D6A7D /* PBXContainerItemProxy */;
		};
/* End PBXTargetDependency section */

/* Begin XCBuildConfiguration section */
		0E8309AF2D925E0D000D6A7D /* Debug */ = {
			isa = XCBuildConfiguration;
			baseConfigurationReferenceAnchor = 0E83098F2D925E0C000D6A7D /* PokeBinder */;
			baseConfigurationReferenceRelativePath = Secrets.xcconfig;
			buildSettings = {
				ALWAYS_SEARCH_USER_PATHS = NO;
				ASSETCATALOG_COMPILER_GENERATE_SWIFT_ASSET_SYMBOL_EXTENSIONS = YES;
				CLANG_ANALYZER_NONNULL = YES;
				CLANG_ANALYZER_NUMBER_OBJECT_CONVERSION = YES_AGGRESSIVE;
				CLANG_CXX_LANGUAGE_STANDARD = "gnu++20";
				CLANG_ENABLE_MODULES = YES;
				CLANG_ENABLE_OBJC_ARC = YES;
				CLANG_ENABLE_OBJC_WEAK = YES;
				CLANG_WARN_BLOCK_CAPTURE_AUTORELEASING = YES;
				CLANG_WARN_BOOL_CONVERSION = YES;
				CLANG_WARN_COMMA = YES;
				CLANG_WARN_CONSTANT_CONVERSION = YES;
				CLANG_WARN_DEPRECATED_OBJC_IMPLEMENTATIONS = YES;
				CLANG_WARN_DIRECT_OBJC_ISA_USAGE = YES_ERROR;
				CLANG_WARN_DOCUMENTATION_COMMENTS = YES;
				CLANG_WARN_EMPTY_BODY = YES;
				CLANG_WARN_ENUM_CONVERSION = YES;
				CLANG_WARN_INFINITE_RECURSION = YES;
				CLANG_WARN_INT_CONVERSION = YES;
				CLANG_WARN_NON_LITERAL_NULL_CONVERSION = YES;
				CLANG_WARN_OBJC_IMPLICIT_RETAIN_SELF = YES;
				CLANG_WARN_OBJC_LITERAL_CONVERSION = YES;
				CLANG_WARN_OBJC_ROOT_CLASS = YES_ERROR;
				CLANG_WARN_QUOTED_INCLUDE_IN_FRAMEWORK_HEADER = YES;
				CLANG_WARN_RANGE_LOOP_ANALYSIS = YES;
				CLANG_WARN_STRICT_PROTOTYPES = YES;
				CLANG_WARN_SUSPICIOUS_MOVE = YES;
				CLANG_WARN_UNGUARDED_AVAILABILITY = YES_AGGRESSIVE;
				CLANG_WARN_UNREACHABLE_CODE = YES;
				CLANG_WARN__DUPLICATE_METHOD_MATCH = YES;
				COPY_PHASE_STRIP = NO;
				DEBUG_INFORMATION_FORMAT = dwarf;
				ENABLE_STRICT_OBJC_MSGSEND = YES;
				ENABLE_TESTABILITY = YES;
				ENABLE_USER_SCRIPT_SANDBOXING = YES;
				GCC_C_LANGUAGE_STANDARD = gnu17;
				GCC_DYNAMIC_NO_PIC = NO;
				GCC_NO_COMMON_BLOCKS = YES;
				GCC_OPTIMIZATION_LEVEL = 0;
				GCC_PREPROCESSOR_DEFINITIONS = (
					"DEBUG=1",
					"$(inherited)",
				);
				GCC_WARN_64_TO_32_BIT_CONVERSION = YES;
				GCC_WARN_ABOUT_RETURN_TYPE = YES_ERROR;
				GCC_WARN_UNDECLARED_SELECTOR = YES;
				GCC_WARN_UNINITIALIZED_AUTOS = YES_AGGRESSIVE;
				GCC_WARN_UNUSED_FUNCTION = YES;
				GCC_WARN_UNUSED_VARIABLE = YES;
				IPHONEOS_DEPLOYMENT_TARGET = 18.2;
				LOCALIZATION_PREFERS_STRING_CATALOGS = YES;
				MTL_ENABLE_DEBUG_INFO = INCLUDE_SOURCE;
				MTL_FAST_MATH = YES;
				ONLY_ACTIVE_ARCH = YES;
				SDKROOT = iphoneos;
				SWIFT_ACTIVE_COMPILATION_CONDITIONS = "DEBUG $(inherited)";
				SWIFT_OPTIMIZATION_LEVEL = "-Onone";
			};
			name = Debug;
		};
		0E8309B02D925E0D000D6A7D /* Release */ = {
			isa = XCBuildConfiguration;
			baseConfigurationReferenceAnchor = 0E83098F2D925E0C000D6A7D /* PokeBinder */;
			baseConfigurationReferenceRelativePath = Secrets.xcconfig;
			buildSettings = {
				ALWAYS_SEARCH_USER_PATHS = NO;
				ASSETCATALOG_COMPILER_GENERATE_SWIFT_ASSET_SYMBOL_EXTENSIONS = YES;
				CLANG_ANALYZER_NONNULL = YES;
				CLANG_ANALYZER_NUMBER_OBJECT_CONVERSION = YES_AGGRESSIVE;
				CLANG_CXX_LANGUAGE_STANDARD = "gnu++20";
				CLANG_ENABLE_MODULES = YES;
				CLANG_ENABLE_OBJC_ARC = YES;
				CLANG_ENABLE_OBJC_WEAK = YES;
				CLANG_WARN_BLOCK_CAPTURE_AUTORELEASING = YES;
				CLANG_WARN_BOOL_CONVERSION = YES;
				CLANG_WARN_COMMA = YES;
				CLANG_WARN_CONSTANT_CONVERSION = YES;
				CLANG_WARN_DEPRECATED_OBJC_IMPLEMENTATIONS = YES;
				CLANG_WARN_DIRECT_OBJC_ISA_USAGE = YES_ERROR;
				CLANG_WARN_DOCUMENTATION_COMMENTS = YES;
				CLANG_WARN_EMPTY_BODY = YES;
				CLANG_WARN_ENUM_CONVERSION = YES;
				CLANG_WARN_INFINITE_RECURSION = YES;
				CLANG_WARN_INT_CONVERSION = YES;
				CLANG_WARN_NON_LITERAL_NULL_CONVERSION = YES;
				CLANG_WARN_OBJC_IMPLICIT_RETAIN_SELF = YES;
				CLANG_WARN_OBJC_LITERAL_CONVERSION = YES;
				CLANG_WARN_OBJC_ROOT_CLASS = YES_ERROR;
				CLANG_WARN_QUOTED_INCLUDE_IN_FRAMEWORK_HEADER = YES;
				CLANG_WARN_RANGE_LOOP_ANALYSIS = YES;
				CLANG_WARN_STRICT_PROTOTYPES = YES;
				CLANG_WARN_SUSPICIOUS_MOVE = YES;
				CLANG_WARN_UNGUARDED_AVAILABILITY = YES_AGGRESSIVE;
				CLANG_WARN_UNREACHABLE_CODE = YES;
				CLANG_WARN__DUPLICATE_METHOD_MATCH = YES;
				COPY_PHASE_STRIP = NO;
				DEBUG_INFORMATION_FORMAT = "dwarf-with-dsym";
				ENABLE_NS_ASSERTIONS = NO;
				ENABLE_STRICT_OBJC_MSGSEND = YES;
				ENABLE_USER_SCRIPT_SANDBOXING = YES;
				GCC_C_LANGUAGE_STANDARD = gnu17;
				GCC_NO_COMMON_BLOCKS = YES;
				GCC_WARN_64_TO_32_BIT_CONVERSION = YES;
				GCC_WARN_ABOUT_RETURN_TYPE = YES_ERROR;
				GCC_WARN_UNDECLARED_SELECTOR = YES;
				GCC_WARN_UNINITIALIZED_AUTOS = YES_AGGRESSIVE;
				GCC_WARN_UNUSED_FUNCTION = YES;
				GCC_WARN_UNUSED_VARIABLE = YES;
				IPHONEOS_DEPLOYMENT_TARGET = 18.2;
				LOCALIZATION_PREFERS_STRING_CATALOGS = YES;
				MTL_ENABLE_DEBUG_INFO = NO;
				MTL_FAST_MATH = YES;
				SDKROOT = iphoneos;
				SWIFT_COMPILATION_MODE = wholemodule;
				VALIDATE_PRODUCT = YES;
			};
			name = Release;
		};
		0E8309B22D925E0D000D6A7D /* Debug */ = {
			isa = XCBuildConfiguration;
			buildSettings = {
				ASSETCATALOG_COMPILER_APPICON_NAME = AppIcon;
				ASSETCATALOG_COMPILER_GLOBAL_ACCENT_COLOR_NAME = AccentColor;
				CODE_SIGN_STYLE = Automatic;
				CURRENT_PROJECT_VERSION = 1;
				DEVELOPMENT_ASSET_PATHS = "\"PokeBinder/Preview Content\"";
				DEVELOPMENT_TEAM = B39SYC8Q42;
				ENABLE_PREVIEWS = YES;
				GENERATE_INFOPLIST_FILE = YES;
				INFOPLIST_FILE = "$(SRCROOT)/PokeBinder/Info.plist";
				INFOPLIST_KEY_UIApplicationSceneManifest_Generation = YES;
				INFOPLIST_KEY_UIApplicationSupportsIndirectInputEvents = YES;
				INFOPLIST_KEY_UILaunchScreen_Generation = YES;
				INFOPLIST_KEY_UISupportedInterfaceOrientations_iPad = "UIInterfaceOrientationPortrait UIInterfaceOrientationPortraitUpsideDown UIInterfaceOrientationLandscapeLeft UIInterfaceOrientationLandscapeRight";
				INFOPLIST_KEY_UISupportedInterfaceOrientations_iPhone = "UIInterfaceOrientationPortrait UIInterfaceOrientationLandscapeLeft UIInterfaceOrientationLandscapeRight";
				LD_RUNPATH_SEARCH_PATHS = (
					"$(inherited)",
					"@executable_path/Frameworks",
				);
				MARKETING_VERSION = 1.0;
				PRODUCT_BUNDLE_IDENTIFIER = "lcarrillo2-sfsu.edu.PokeBinder";
				PRODUCT_NAME = "$(TARGET_NAME)";
				SWIFT_EMIT_LOC_STRINGS = YES;
				SWIFT_VERSION = 5.0;
				TARGETED_DEVICE_FAMILY = "1,2";
			};
			name = Debug;
		};
		0E8309B32D925E0D000D6A7D /* Release */ = {
			isa = XCBuildConfiguration;
			buildSettings = {
				ASSETCATALOG_COMPILER_APPICON_NAME = AppIcon;
				ASSETCATALOG_COMPILER_GLOBAL_ACCENT_COLOR_NAME = AccentColor;
				CODE_SIGN_STYLE = Automatic;
				CURRENT_PROJECT_VERSION = 1;
				DEVELOPMENT_ASSET_PATHS = "\"PokeBinder/Preview Content\"";
				DEVELOPMENT_TEAM = B39SYC8Q42;
				ENABLE_PREVIEWS = YES;
				GENERATE_INFOPLIST_FILE = YES;
				INFOPLIST_FILE = "$(SRCROOT)/PokeBinder/Info.plist";
				INFOPLIST_KEY_UIApplicationSceneManifest_Generation = YES;
				INFOPLIST_KEY_UIApplicationSupportsIndirectInputEvents = YES;
				INFOPLIST_KEY_UILaunchScreen_Generation = YES;
				INFOPLIST_KEY_UISupportedInterfaceOrientations_iPad = "UIInterfaceOrientationPortrait UIInterfaceOrientationPortraitUpsideDown UIInterfaceOrientationLandscapeLeft UIInterfaceOrientationLandscapeRight";
				INFOPLIST_KEY_UISupportedInterfaceOrientations_iPhone = "UIInterfaceOrientationPortrait UIInterfaceOrientationLandscapeLeft UIInterfaceOrientationLandscapeRight";
				LD_RUNPATH_SEARCH_PATHS = (
					"$(inherited)",
					"@executable_path/Frameworks",
				);
				MARKETING_VERSION = 1.0;
				PRODUCT_BUNDLE_IDENTIFIER = "lcarrillo2-sfsu.edu.PokeBinder";
				PRODUCT_NAME = "$(TARGET_NAME)";
				SWIFT_EMIT_LOC_STRINGS = YES;
				SWIFT_VERSION = 5.0;
				TARGETED_DEVICE_FAMILY = "1,2";
			};
			name = Release;
		};
		0E8309B52D925E0D000D6A7D /* Debug */ = {
			isa = XCBuildConfiguration;
			buildSettings = {
				BUNDLE_LOADER = "$(TEST_HOST)";
				CODE_SIGN_STYLE = Automatic;
				CURRENT_PROJECT_VERSION = 1;
				GENERATE_INFOPLIST_FILE = YES;
				IPHONEOS_DEPLOYMENT_TARGET = 18.2;
				MARKETING_VERSION = 1.0;
				PRODUCT_BUNDLE_IDENTIFIER = "lcarrillo2-sfsu.edu.PokeBinderTests";
				PRODUCT_NAME = "$(TARGET_NAME)";
				SWIFT_EMIT_LOC_STRINGS = NO;
				SWIFT_VERSION = 5.0;
				TARGETED_DEVICE_FAMILY = "1,2";
				TEST_HOST = "$(BUILT_PRODUCTS_DIR)/PokeBinder.app/$(BUNDLE_EXECUTABLE_FOLDER_PATH)/PokeBinder";
			};
			name = Debug;
		};
		0E8309B62D925E0D000D6A7D /* Release */ = {
			isa = XCBuildConfiguration;
			buildSettings = {
				BUNDLE_LOADER = "$(TEST_HOST)";
				CODE_SIGN_STYLE = Automatic;
				CURRENT_PROJECT_VERSION = 1;
				GENERATE_INFOPLIST_FILE = YES;
				IPHONEOS_DEPLOYMENT_TARGET = 18.2;
				MARKETING_VERSION = 1.0;
				PRODUCT_BUNDLE_IDENTIFIER = "lcarrillo2-sfsu.edu.PokeBinderTests";
				PRODUCT_NAME = "$(TARGET_NAME)";
				SWIFT_EMIT_LOC_STRINGS = NO;
				SWIFT_VERSION = 5.0;
				TARGETED_DEVICE_FAMILY = "1,2";
				TEST_HOST = "$(BUILT_PRODUCTS_DIR)/PokeBinder.app/$(BUNDLE_EXECUTABLE_FOLDER_PATH)/PokeBinder";
			};
			name = Release;
		};
		0E8309B82D925E0D000D6A7D /* Debug */ = {
			isa = XCBuildConfiguration;
			buildSettings = {
				CODE_SIGN_STYLE = Automatic;
				CURRENT_PROJECT_VERSION = 1;
				GENERATE_INFOPLIST_FILE = YES;
				MARKETING_VERSION = 1.0;
				PRODUCT_BUNDLE_IDENTIFIER = "lcarrillo2-sfsu.edu.PokeBinderUITests";
				PRODUCT_NAME = "$(TARGET_NAME)";
				SWIFT_EMIT_LOC_STRINGS = NO;
				SWIFT_VERSION = 5.0;
				TARGETED_DEVICE_FAMILY = "1,2";
				TEST_TARGET_NAME = PokeBinder;
			};
			name = Debug;
		};
		0E8309B92D925E0D000D6A7D /* Release */ = {
			isa = XCBuildConfiguration;
			buildSettings = {
				CODE_SIGN_STYLE = Automatic;
				CURRENT_PROJECT_VERSION = 1;
				GENERATE_INFOPLIST_FILE = YES;
				MARKETING_VERSION = 1.0;
				PRODUCT_BUNDLE_IDENTIFIER = "lcarrillo2-sfsu.edu.PokeBinderUITests";
				PRODUCT_NAME = "$(TARGET_NAME)";
				SWIFT_EMIT_LOC_STRINGS = NO;
				SWIFT_VERSION = 5.0;
				TARGETED_DEVICE_FAMILY = "1,2";
				TEST_TARGET_NAME = PokeBinder;
			};
			name = Release;
		};
/* End XCBuildConfiguration section */

/* Begin XCConfigurationList section */
		0E8309882D925E0C000D6A7D /* Build configuration list for PBXProject "PokeBinder" */ = {
			isa = XCConfigurationList;
			buildConfigurations = (
				0E8309AF2D925E0D000D6A7D /* Debug */,
				0E8309B02D925E0D000D6A7D /* Release */,
			);
			defaultConfigurationIsVisible = 0;
			defaultConfigurationName = Release;
		};
		0E8309B12D925E0D000D6A7D /* Build configuration list for PBXNativeTarget "PokeBinder" */ = {
			isa = XCConfigurationList;
			buildConfigurations = (
				0E8309B22D925E0D000D6A7D /* Debug */,
				0E8309B32D925E0D000D6A7D /* Release */,
			);
			defaultConfigurationIsVisible = 0;
			defaultConfigurationName = Release;
		};
		0E8309B42D925E0D000D6A7D /* Build configuration list for PBXNativeTarget "PokeBinderTests" */ = {
			isa = XCConfigurationList;
			buildConfigurations = (
				0E8309B52D925E0D000D6A7D /* Debug */,
				0E8309B62D925E0D000D6A7D /* Release */,
			);
			defaultConfigurationIsVisible = 0;
			defaultConfigurationName = Release;
		};
		0E8309B72D925E0D000D6A7D /* Build configuration list for PBXNativeTarget "PokeBinderUITests" */ = {
			isa = XCConfigurationList;
			buildConfigurations = (
				0E8309B82D925E0D000D6A7D /* Debug */,
				0E8309B92D925E0D000D6A7D /* Release */,
			);
			defaultConfigurationIsVisible = 0;
			defaultConfigurationName = Release;
		};
/* End XCConfigurationList section */
	};
	rootObject = 0E8309852D925E0C000D6A7D /* Project object */;
}
